
Microsoft Visual Studio Solution File, Format Version 12.00
# Visual Studio 2012
Project("{FAE04EC0-301F-11D3-BF4B-00C04F79EFBC}") = "MCBorderless", "MCBorderless.csproj", "{AF333EAE-1CD5-4D8F-B81B-D42D1FAB99AB}"
EndProject
Global
	GlobalSection(SolutionConfigurationPlatforms) = preSolution
		Debug|Any CPU = Debug|Any CPU
		Release|Any CPU = Release|Any CPU
	EndGlobalSection
	GlobalSection(ProjectConfigurationPlatforms) = postSolution
		{AF333EAE-1CD5-4D8F-B81B-D42D1FAB99AB}.Debug|Any CPU.ActiveCfg = Debug|Any CPU
		{AF333EAE-1CD5-4D8F-B81B-D42D1FAB99AB}.Debug|Any CPU.Build.0 = Debug|Any CPU
		{AF333EAE-1CD5-4D8F-B81B-D42D1FAB99AB}.Release|Any CPU.ActiveCfg = Release|Any CPU
		{AF333EAE-1CD5-4D8F-B81B-D42D1FAB99AB}.Release|Any CPU.Build.0 = Release|Any CPU
	EndGlobalSection
	GlobalSection(SolutionProperties) = preSolution
		HideSolutionNode = FALSE
	EndGlobalSection
EndGlobal
